{
  "version": 4,
  "terraform_version": "1.8.2",
  "serial": 5,
  "lineage": "3c190aee-8f0c-bdfd-cb9d-1dfd0ec32256",
  "outputs": {
    "ip_access_list": {
      "value": "41.226.2.214",
      "type": "string"
    },
    "project_name": {
      "value": "Projet 1",
      "type": "string"
    },
    "username": {
      "value": "user-1",
      "type": "string"
    }
  },
  "resources": [
    {
      "mode": "managed",
      "type": "mongodbatlas_project",
      "name": "atlas-project",
      "provider": "provider[\"registry.terraform.io/mongodb/mongodbatlas\"]",
      "instances": [
        {
          "schema_version": 0,
          "attributes": {
            "cluster_count": 0,
            "created": "2024-05-12T12:00:04Z",
            "id": "6640af4229ba5a0f58e13bfb",
            "ip_addresses": {
              "services": {
                "clusters": []
              }
            },
            "is_collect_database_specifics_statistics_enabled": true,
            "is_data_explorer_enabled": true,
            "is_extended_storage_sizes_enabled": false,
            "is_performance_advisor_enabled": true,
            "is_realtime_performance_panel_enabled": true,
            "is_schema_advisor_enabled": true,
            "limits": [],
            "name": "Projet 1",
            "org_id": "6005bbcb983e02538858d0f0",
            "project_owner_id": null,
            "region_usage_restrictions": null,
            "tags": null,
            "teams": [],
            "with_default_alerts_settings": true
          },
          "sensitive_attributes": []
        }
      ]
    },
    {
      "mode": "managed",
      "type": "mongodbatlas_project_ip_access_list",
      "name": "ip",
      "provider": "provider[\"registry.terraform.io/mongodb/mongodbatlas\"]",
      "instances": [
        {
          "schema_version": 0,
          "attributes": {
            "aws_security_group": "",
            "cidr_block": "41.226.2.214/32",
            "comment": "",
            "id": "ZW50cnk=:NDEuMjI2LjIuMjE0LzMy-cHJvamVjdF9pZA==:NjY0MGFmNDIyOWJhNWEwZjU4ZTEzYmZi",
            "ip_address": "41.226.2.214",
            "project_id": "6640af4229ba5a0f58e13bfb",
            "timeouts": null
          },
          "sensitive_attributes": [],
          "dependencies": [
            "mongodbatlas_project.atlas-project"
          ]
        }
      ]
    },
    {
      "mode": "managed",
      "type": "random_password",
      "name": "db-user-password",
      "provider": "provider[\"registry.terraform.io/hashicorp/random\"]",
      "instances": [
        {
          "schema_version": 3,
          "attributes": {
            "bcrypt_hash": "$2a$10$Muet/rZ.416eaGdxYh2ZY.FWMcUfmwfQ.dc4nSuampvX.6WZRloKO",
            "id": "none",
            "keepers": null,
            "length": 16,
            "lower": true,
            "min_lower": 0,
            "min_numeric": 0,
            "min_special": 0,
            "min_upper": 0,
            "number": true,
            "numeric": true,
            "override_special": "_%@",
            "result": "LueIP%2CeFPzhD6w",
            "special": true,
            "upper": true
          },
          "sensitive_attributes": [
            [
              {
                "type": "get_attr",
                "value": "bcrypt_hash"
              }
            ],
            [
              {
                "type": "get_attr",
                "value": "result"
              }
            ]
          ]
        }
      ]
    }
  ],
  "check_results": null
}
